// !$*UTF8*$!
{
	archiveVersion = 1;
	classes = {
	};
	objectVersion = 56;
	objects = {

/* Begin PBXBuildFile section */
		D397DE822CB9CB1B00B5509C /* AppDelegate.swift in Sources */ = {isa = PBXBuildFile; fileRef = D397DE812CB9CB1B00B5509C /* AppDelegate.swift */; };
		D397DE842CB9CB1B00B5509C /* SceneDelegate.swift in Sources */ = {isa = PBXBuildFile; fileRef = D397DE832CB9CB1B00B5509C /* SceneDelegate.swift */; };
		D397DE862CB9CB1B00B5509C /* ViewController.swift in Sources */ = {isa = PBXBuildFile; fileRef = D397DE852CB9CB1B00B5509C /* ViewController.swift */; };
		D397DE892CB9CB1B00B5509C /* Base in Resources */ = {isa = PBXBuildFile; fileRef = D397DE882CB9CB1B00B5509C /* Base */; };
		D397DE8C2CB9CB1B00B5509C /* ChatBox.xcdatamodeld in Sources */ = {isa = PBXBuildFile; fileRef = D397DE8A2CB9CB1B00B5509C /* ChatBox.xcdatamodeld */; };
		D397DE8E2CB9CB1D00B5509C /* Assets.xcassets in Resources */ = {isa = PBXBuildFile; fileRef = D397DE8D2CB9CB1D00B5509C /* Assets.xcassets */; };
		D397DE912CB9CB1D00B5509C /* Base in Resources */ = {isa = PBXBuildFile; fileRef = D397DE902CB9CB1D00B5509C /* Base */; };
		D397DE9C2CB9CB1E00B5509C /* ChatBoxTests.swift in Sources */ = {isa = PBXBuildFile; fileRef = D397DE9B2CB9CB1E00B5509C /* ChatBoxTests.swift */; };
		D397DEA62CB9CB1E00B5509C /* ChatBoxUITests.swift in Sources */ = {isa = PBXBuildFile; fileRef = D397DEA52CB9CB1E00B5509C /* ChatBoxUITests.swift */; };
		D397DEA82CB9CB1E00B5509C /* ChatBoxUITestsLaunchTests.swift in Sources */ = {isa = PBXBuildFile; fileRef = D397DEA72CB9CB1E00B5509C /* ChatBoxUITestsLaunchTests.swift */; };
		D397DEB62CB9CC4500B5509C /* chatTabBarController.swift in Sources */ = {isa = PBXBuildFile; fileRef = D397DEB42CB9CC4500B5509C /* chatTabBarController.swift */; };
		D397DEB72CB9CC4500B5509C /* chatTabBarController.xib in Resources */ = {isa = PBXBuildFile; fileRef = D397DEB52CB9CC4500B5509C /* chatTabBarController.xib */; };
/* End PBXBuildFile section */

/* Begin PBXContainerItemProxy section */
		D397DE982CB9CB1E00B5509C /* PBXContainerItemProxy */ = {
			isa = PBXContainerItemProxy;
			containerPortal = D397DE762CB9CB1B00B5509C /* Project object */;
			proxyType = 1;
			remoteGlobalIDString = D397DE7D2CB9CB1B00B5509C;
			remoteInfo = ChatBox;
		};
		D397DEA22CB9CB1E00B5509C /* PBXContainerItemProxy */ = {
			isa = PBXContainerItemProxy;
			containerPortal = D397DE762CB9CB1B00B5509C /* Project object */;
			proxyType = 1;
			remoteGlobalIDString = D397DE7D2CB9CB1B00B5509C;
			remoteInfo = ChatBox;
		};
/* End PBXContainerItemProxy section */

/* Begin PBXFileReference section */
		D397DE7E2CB9CB1B00B5509C /* ChatBox.app */ = {isa = PBXFileReference; explicitFileType = wrapper.application; includeInIndex = 0; path = ChatBox.app; sourceTree = BUILT_PRODUCTS_DIR; };
		D397DE812CB9CB1B00B5509C /* AppDelegate.swift */ = {isa = PBXFileReference; lastKnownFileType = sourcecode.swift; path = AppDelegate.swift; sourceTree = "<group>"; };
		D397DE832CB9CB1B00B5509C /* SceneDelegate.swift */ = {isa = PBXFileReference; lastKnownFileType = sourcecode.swift; path = SceneDelegate.swift; sourceTree = "<group>"; };
		D397DE852CB9CB1B00B5509C /* ViewController.swift */ = {isa = PBXFileReference; lastKnownFileType = sourcecode.swift; path = ViewController.swift; sourceTree = "<group>"; };
		D397DE882CB9CB1B00B5509C /* Base */ = {isa = PBXFileReference; lastKnownFileType = file.storyboard; name = Base; path = Base.lproj/Main.storyboard; sourceTree = "<group>"; };
		D397DE8B2CB9CB1B00B5509C /* ChatBox.xcdatamodel */ = {isa = PBXFileReference; lastKnownFileType = wrapper.xcdatamodel; path = ChatBox.xcdatamodel; sourceTree = "<group>"; };
		D397DE8D2CB9CB1D00B5509C /* Assets.xcassets */ = {isa = PBXFileReference; lastKnownFileType = folder.assetcatalog; path = Assets.xcassets; sourceTree = "<group>"; };
		D397DE902CB9CB1D00B5509C /* Base */ = {isa = PBXFileReference; lastKnownFileType = file.storyboard; name = Base; path = Base.lproj/LaunchScreen.storyboard; sourceTree = "<group>"; };
		D397DE922CB9CB1D00B5509C /* Info.plist */ = {isa = PBXFileReference; lastKnownFileType = text.plist.xml; path = Info.plist; sourceTree = "<group>"; };
		D397DE972CB9CB1E00B5509C /* ChatBoxTests.xctest */ = {isa = PBXFileReference; explicitFileType = wrapper.cfbundle; includeInIndex = 0; path = ChatBoxTests.xctest; sourceTree = BUILT_PRODUCTS_DIR; };
		D397DE9B2CB9CB1E00B5509C /* ChatBoxTests.swift */ = {isa = PBXFileReference; lastKnownFileType = sourcecode.swift; path = ChatBoxTests.swift; sourceTree = "<group>"; };
		D397DEA12CB9CB1E00B5509C /* ChatBoxUITests.xctest */ = {isa = PBXFileReference; explicitFileType = wrapper.cfbundle; includeInIndex = 0; path = ChatBoxUITests.xctest; sourceTree = BUILT_PRODUCTS_DIR; };
		D397DEA52CB9CB1E00B5509C /* ChatBoxUITests.swift */ = {isa = PBXFileReference; lastKnownFileType = sourcecode.swift; path = ChatBoxUITests.swift; sourceTree = "<group>"; };
		D397DEA72CB9CB1E00B5509C /* ChatBoxUITestsLaunchTests.swift */ = {isa = PBXFileReference; lastKnownFileType = sourcecode.swift; path = ChatBoxUITestsLaunchTests.swift; sourceTree = "<group>"; };
		D397DEB42CB9CC4500B5509C /* chatTabBarController.swift */ = {isa = PBXFileReference; lastKnownFileType = sourcecode.swift; path = chatTabBarController.swift; sourceTree = "<group>"; };
		D397DEB52CB9CC4500B5509C /* chatTabBarController.xib */ = {isa = PBXFileReference; lastKnownFileType = file.xib; path = chatTabBarController.xib; sourceTree = "<group>"; };
/* End PBXFileReference section */

/* Begin PBXFrameworksBuildPhase section */
		D397DE7B2CB9CB1B00B5509C /* Frameworks */ = {
			isa = PBXFrameworksBuildPhase;
			buildActionMask = 2147483647;
			files = (
			);
			runOnlyForDeploymentPostprocessing = 0;
		};
		D397DE942CB9CB1E00B5509C /* Frameworks */ = {
			isa = PBXFrameworksBuildPhase;
			buildActionMask = 2147483647;
			files = (
			);
			runOnlyForDeploymentPostprocessing = 0;
		};
		D397DE9E2CB9CB1E00B5509C /* Frameworks */ = {
			isa = PBXFrameworksBuildPhase;
			buildActionMask = 2147483647;
			files = (
			);
			runOnlyForDeploymentPostprocessing = 0;
		};
/* End PBXFrameworksBuildPhase section */

/* Begin PBXGroup section */
		D397DE752CB9CB1B00B5509C = {
			isa = PBXGroup;
			children = (
				D397DE802CB9CB1B00B5509C /* ChatBox */,
				D397DE9A2CB9CB1E00B5509C /* ChatBoxTests */,
				D397DEA42CB9CB1E00B5509C /* ChatBoxUITests */,
				D397DE7F2CB9CB1B00B5509C /* Products */,
			);
			sourceTree = "<group>";
		};
		D397DE7F2CB9CB1B00B5509C /* Products */ = {
			isa = PBXGroup;
			children = (
				D397DE7E2CB9CB1B00B5509C /* ChatBox.app */,
				D397DE972CB9CB1E00B5509C /* ChatBoxTests.xctest */,
				D397DEA12CB9CB1E00B5509C /* ChatBoxUITests.xctest */,
			);
			name = Products;
			sourceTree = "<group>";
		};
		D397DE802CB9CB1B00B5509C /* ChatBox */ = {
			isa = PBXGroup;
			children = (
				D397DE812CB9CB1B00B5509C /* AppDelegate.swift */,
				D397DE832CB9CB1B00B5509C /* SceneDelegate.swift */,
				D397DE852CB9CB1B00B5509C /* ViewController.swift */,
				D397DE872CB9CB1B00B5509C /* Main.storyboard */,
				D397DE8D2CB9CB1D00B5509C /* Assets.xcassets */,
				D397DE8F2CB9CB1D00B5509C /* LaunchScreen.storyboard */,
				D397DE922CB9CB1D00B5509C /* Info.plist */,
				D397DE8A2CB9CB1B00B5509C /* ChatBox.xcdatamodeld */,
				D397DEB42CB9CC4500B5509C /* chatTabBarController.swift */,
				D397DEB52CB9CC4500B5509C /* chatTabBarController.xib */,
			);
			path = ChatBox;
			sourceTree = "<group>";
		};
		D397DE9A2CB9CB1E00B5509C /* ChatBoxTests */ = {
			isa = PBXGroup;
			children = (
				D397DE9B2CB9CB1E00B5509C /* ChatBoxTests.swift */,
			);
			path = ChatBoxTests;
			sourceTree = "<group>";
		};
		D397DEA42CB9CB1E00B5509C /* ChatBoxUITests */ = {
			isa = PBXGroup;
			children = (
				D397DEA52CB9CB1E00B5509C /* ChatBoxUITests.swift */,
				D397DEA72CB9CB1E00B5509C /* ChatBoxUITestsLaunchTests.swift */,
			);
			path = ChatBoxUITests;
			sourceTree = "<group>";
		};
/* End PBXGroup section */

/* Begin PBXNativeTarget section */
		D397DE7D2CB9CB1B00B5509C /* ChatBox */ = {
			isa = PBXNativeTarget;
			buildConfigurationList = D397DEAB2CB9CB1E00B5509C /* Build configuration list for PBXNativeTarget "ChatBox" */;
			buildPhases = (
				D397DE7A2CB9CB1B00B5509C /* Sources */,
				D397DE7B2CB9CB1B00B5509C /* Frameworks */,
				D397DE7C2CB9CB1B00B5509C /* Resources */,
			);
			buildRules = (
			);
			dependencies = (
			);
			name = ChatBox;
			productName = ChatBox;
			productReference = D397DE7E2CB9CB1B00B5509C /* ChatBox.app */;
			productType = "com.apple.product-type.application";
		};
		D397DE962CB9CB1E00B5509C /* ChatBoxTests */ = {
			isa = PBXNativeTarget;
			buildConfigurationList = D397DEAE2CB9CB1E00B5509C /* Build configuration list for PBXNativeTarget "ChatBoxTests" */;
			buildPhases = (
				D397DE932CB9CB1E00B5509C /* Sources */,
				D397DE942CB9CB1E00B5509C /* Frameworks */,
				D397DE952CB9CB1E00B5509C /* Resources */,
			);
			buildRules = (
			);
			dependencies = (
				D397DE992CB9CB1E00B5509C /* PBXTargetDependency */,
			);
			name = ChatBoxTests;
			productName = ChatBoxTests;
			productReference = D397DE972CB9CB1E00B5509C /* ChatBoxTests.xctest */;
			productType = "com.apple.product-type.bundle.unit-test";
		};
		D397DEA02CB9CB1E00B5509C /* ChatBoxUITests */ = {
			isa = PBXNativeTarget;
			buildConfigurationList = D397DEB12CB9CB1E00B5509C /* Build configuration list for PBXNativeTarget "ChatBoxUITests" */;
			buildPhases = (
				D397DE9D2CB9CB1E00B5509C /* Sources */,
				D397DE9E2CB9CB1E00B5509C /* Frameworks */,
				D397DE9F2CB9CB1E00B5509C /* Resources */,
			);
			buildRules = (
			);
			dependencies = (
				D397DEA32CB9CB1E00B5509C /* PBXTargetDependency */,
			);
			name = ChatBoxUITests;
			productName = ChatBoxUITests;
			productReference = D397DEA12CB9CB1E00B5509C /* ChatBoxUITests.xctest */;
			productType = "com.apple.product-type.bundle.ui-testing";
		};
/* End PBXNativeTarget section */

/* Begin PBXProject section */
		D397DE762CB9CB1B00B5509C /* Project object */ = {
			isa = PBXProject;
			attributes = {
				BuildIndependentTargetsInParallel = 1;
				LastSwiftUpdateCheck = 1540;
				LastUpgradeCheck = 1540;
				TargetAttributes = {
					D397DE7D2CB9CB1B00B5509C = {
						CreatedOnToolsVersion = 15.4;
					};
					D397DE962CB9CB1E00B5509C = {
						CreatedOnToolsVersion = 15.4;
						TestTargetID = D397DE7D2CB9CB1B00B5509C;
					};
					D397DEA02CB9CB1E00B5509C = {
						CreatedOnToolsVersion = 15.4;
						TestTargetID = D397DE7D2CB9CB1B00B5509C;
					};
				};
			};
			buildConfigurationList = D397DE792CB9CB1B00B5509C /* Build configuration list for PBXProject "ChatBox" */;
			compatibilityVersion = "Xcode 14.0";
			developmentRegion = en;
			hasScannedForEncodings = 0;
			knownRegions = (
				en,
				Base,
			);
			mainGroup = D397DE752CB9CB1B00B5509C;
			productRefGroup = D397DE7F2CB9CB1B00B5509C /* Products */;
			projectDirPath = "";
			projectRoot = "";
			targets = (
				D397DE7D2CB9CB1B00B5509C /* ChatBox */,
				D397DE962CB9CB1E00B5509C /* ChatBoxTests */,
				D397DEA02CB9CB1E00B5509C /* ChatBoxUITests */,
			);
		};
/* End PBXProject section */

/* Begin PBXResourcesBuildPhase section */
		D397DE7C2CB9CB1B00B5509C /* Resources */ = {
			isa = PBXResourcesBuildPhase;
			buildActionMask = 2147483647;
			files = (
				D397DE8E2CB9CB1D00B5509C /* Assets.xcassets in Resources */,
				D397DEB72CB9CC4500B5509C /* chatTabBarController.xib in Resources */,
				D397DE912CB9CB1D00B5509C /* Base in Resources */,
				D397DE892CB9CB1B00B5509C /* Base in Resources */,
			);
			runOnlyForDeploymentPostprocessing = 0;
		};
		D397DE952CB9CB1E00B5509C /* Resources */ = {
			isa = PBXResourcesBuildPhase;
			buildActionMask = 2147483647;
			files = (
			);
			runOnlyForDeploymentPostprocessing = 0;
		};
		D397DE9F2CB9CB1E00B5509C /* Resources */ = {
			isa = PBXResourcesBuildPhase;
			buildActionMask = 2147483647;
			files = (
			);
			runOnlyForDeploymentPostprocessing = 0;
		};
/* End PBXResourcesBuildPhase section */

/* Begin PBXSourcesBuildPhase section */
		D397DE7A2CB9CB1B00B5509C /* Sources */ = {
			isa = PBXSourcesBuildPhase;
			buildActionMask = 2147483647;
			files = (
				D397DE862CB9CB1B00B5509C /* ViewController.swift in Sources */,
				D397DE8C2CB9CB1B00B5509C /* ChatBox.xcdatamodeld in Sources */,
				D397DE822CB9CB1B00B5509C /* AppDelegate.swift in Sources */,
				D397DE842CB9CB1B00B5509C /* SceneDelegate.swift in Sources */,
				D397DEB62CB9CC4500B5509C /* chatTabBarController.swift in Sources */,
			);
			runOnlyForDeploymentPostprocessing = 0;
		};
		D397DE932CB9CB1E00B5509C /* Sources */ = {
			isa = PBXSourcesBuildPhase;
			buildActionMask = 2147483647;
			files = (
				D397DE9C2CB9CB1E00B5509C /* ChatBoxTests.swift in Sources */,
			);
			runOnlyForDeploymentPostprocessing = 0;
		};
		D397DE9D2CB9CB1E00B5509C /* Sources */ = {
			isa = PBXSourcesBuildPhase;
			buildActionMask = 2147483647;
			files = (
				D397DEA82CB9CB1E00B5509C /* ChatBoxUITestsLaunchTests.swift in Sources */,
				D397DEA62CB9CB1E00B5509C /* ChatBoxUITests.swift in Sources */,
			);
			runOnlyForDeploymentPostprocessing = 0;
		};
/* End PBXSourcesBuildPhase section */

/* Begin PBXTargetDependency section */
		D397DE992CB9CB1E00B5509C /* PBXTargetDependency */ = {
			isa = PBXTargetDependency;
			target = D397DE7D2CB9CB1B00B5509C /* ChatBox */;
			targetProxy = D397DE982CB9CB1E00B5509C /* PBXContainerItemProxy */;
		};
		D397DEA32CB9CB1E00B5509C /* PBXTargetDependency */ = {
			isa = PBXTargetDependency;
			target = D397DE7D2CB9CB1B00B5509C /* ChatBox */;
			targetProxy = D397DEA22CB9CB1E00B5509C /* PBXContainerItemProxy */;
		};
/* End PBXTargetDependency section */

/* Begin PBXVariantGroup section */
		D397DE872CB9CB1B00B5509C /* Main.storyboard */ = {
			isa = PBXVariantGroup;
			children = (
				D397DE882CB9CB1B00B5509C /* Base */,
			);
			name = Main.storyboard;
			sourceTree = "<group>";
		};
		D397DE8F2CB9CB1D00B5509C /* LaunchScreen.storyboard */ = {
			isa = PBXVariantGroup;
			children = (
				D397DE902CB9CB1D00B5509C /* Base */,
			);
			name = LaunchScreen.storyboard;
			sourceTree = "<group>";
		};
/* End PBXVariantGroup section */

/* Begin XCBuildConfiguration section */
		D397DEA92CB9CB1E00B5509C /* Debug */ = {
			isa = XCBuildConfiguration;
			buildSettings = {
				ALWAYS_SEARCH_USER_PATHS = NO;
				ASSETCATALOG_COMPILER_GENERATE_SWIFT_ASSET_SYMBOL_EXTENSIONS = YES;
				CLANG_ANALYZER_NONNULL = YES;
				CLANG_ANALYZER_NUMBER_OBJECT_CONVERSION = YES_AGGRESSIVE;
				CLANG_CXX_LANGUAGE_STANDARD = "gnu++20";
				CLANG_ENABLE_MODULES = YES;
				CLANG_ENABLE_OBJC_ARC = YES;
				CLANG_ENABLE_OBJC_WEAK = YES;
				CLANG_WARN_BLOCK_CAPTURE_AUTORELEASING = YES;
				CLANG_WARN_BOOL_CONVERSION = YES;
				CLANG_WARN_COMMA = YES;
				CLANG_WARN_CONSTANT_CONVERSION = YES;
				CLANG_WARN_DEPRECATED_OBJC_IMPLEMENTATIONS = YES;
				CLANG_WARN_DIRECT_OBJC_ISA_USAGE = YES_ERROR;
				CLANG_WARN_DOCUMENTATION_COMMENTS = YES;
				CLANG_WARN_EMPTY_BODY = YES;
				CLANG_WARN_ENUM_CONVERSION = YES;
				CLANG_WARN_INFINITE_RECURSION = YES;
				CLANG_WARN_INT_CONVERSION = YES;
				CLANG_WARN_NON_LITERAL_NULL_CONVERSION = YES;
				CLANG_WARN_OBJC_IMPLICIT_RETAIN_SELF = YES;
				CLANG_WARN_OBJC_LITERAL_CONVERSION = YES;
				CLANG_WARN_OBJC_ROOT_CLASS = YES_ERROR;
				CLANG_WARN_QUOTED_INCLUDE_IN_FRAMEWORK_HEADER = YES;
				CLANG_WARN_RANGE_LOOP_ANALYSIS = YES;
				CLANG_WARN_STRICT_PROTOTYPES = YES;
				CLANG_WARN_SUSPICIOUS_MOVE = YES;
				CLANG_WARN_UNGUARDED_AVAILABILITY = YES_AGGRESSIVE;
				CLANG_WARN_UNREACHABLE_CODE = YES;
				CLANG_WARN__DUPLICATE_METHOD_MATCH = YES;
				COPY_PHASE_STRIP = NO;
				DEBUG_INFORMATION_FORMAT = dwarf;
				ENABLE_STRICT_OBJC_MSGSEND = YES;
				ENABLE_TESTABILITY = YES;
				ENABLE_USER_SCRIPT_SANDBOXING = YES;
				GCC_C_LANGUAGE_STANDARD = gnu17;
				GCC_DYNAMIC_NO_PIC = NO;
				GCC_NO_COMMON_BLOCKS = YES;
				GCC_OPTIMIZATION_LEVEL = 0;
				GCC_PREPROCESSOR_DEFINITIONS = (
					"DEBUG=1",
					"$(inherited)",
				);
				GCC_WARN_64_TO_32_BIT_CONVERSION = YES;
				GCC_WARN_ABOUT_RETURN_TYPE = YES_ERROR;
				GCC_WARN_UNDECLARED_SELECTOR = YES;
				GCC_WARN_UNINITIALIZED_AUTOS = YES_AGGRESSIVE;
				GCC_WARN_UNUSED_FUNCTION = YES;
				GCC_WARN_UNUSED_VARIABLE = YES;
				IPHONEOS_DEPLOYMENT_TARGET = 17.5;
				LOCALIZATION_PREFERS_STRING_CATALOGS = YES;
				MTL_ENABLE_DEBUG_INFO = INCLUDE_SOURCE;
				MTL_FAST_MATH = YES;
				ONLY_ACTIVE_ARCH = YES;
				SDKROOT = iphoneos;
				SWIFT_ACTIVE_COMPILATION_CONDITIONS = "DEBUG $(inherited)";
				SWIFT_OPTIMIZATION_LEVEL = "-Onone";
			};
			name = Debug;
		};
		D397DEAA2CB9CB1E00B5509C /* Release */ = {
			isa = XCBuildConfiguration;
			buildSettings = {
				ALWAYS_SEARCH_USER_PATHS = NO;
				ASSETCATALOG_COMPILER_GENERATE_SWIFT_ASSET_SYMBOL_EXTENSIONS = YES;
				CLANG_ANALYZER_NONNULL = YES;
				CLANG_ANALYZER_NUMBER_OBJECT_CONVERSION = YES_AGGRESSIVE;
				CLANG_CXX_LANGUAGE_STANDARD = "gnu++20";
				CLANG_ENABLE_MODULES = YES;
				CLANG_ENABLE_OBJC_ARC = YES;
				CLANG_ENABLE_OBJC_WEAK = YES;
				CLANG_WARN_BLOCK_CAPTURE_AUTORELEASING = YES;
				CLANG_WARN_BOOL_CONVERSION = YES;
				CLANG_WARN_COMMA = YES;
				CLANG_WARN_CONSTANT_CONVERSION = YES;
				CLANG_WARN_DEPRECATED_OBJC_IMPLEMENTATIONS = YES;
				CLANG_WARN_DIRECT_OBJC_ISA_USAGE = YES_ERROR;
				CLANG_WARN_DOCUMENTATION_COMMENTS = YES;
				CLANG_WARN_EMPTY_BODY = YES;
				CLANG_WARN_ENUM_CONVERSION = YES;
				CLANG_WARN_INFINITE_RECURSION = YES;
				CLANG_WARN_INT_CONVERSION = YES;
				CLANG_WARN_NON_LITERAL_NULL_CONVERSION = YES;
				CLANG_WARN_OBJC_IMPLICIT_RETAIN_SELF = YES;
				CLANG_WARN_OBJC_LITERAL_CONVERSION = YES;
				CLANG_WARN_OBJC_ROOT_CLASS = YES_ERROR;
				CLANG_WARN_QUOTED_INCLUDE_IN_FRAMEWORK_HEADER = YES;
				CLANG_WARN_RANGE_LOOP_ANALYSIS = YES;
				CLANG_WARN_STRICT_PROTOTYPES = YES;
				CLANG_WARN_SUSPICIOUS_MOVE = YES;
				CLANG_WARN_UNGUARDED_AVAILABILITY = YES_AGGRESSIVE;
				CLANG_WARN_UNREACHABLE_CODE = YES;
				CLANG_WARN__DUPLICATE_METHOD_MATCH = YES;
				COPY_PHASE_STRIP = NO;
				DEBUG_INFORMATION_FORMAT = "dwarf-with-dsym";
				ENABLE_NS_ASSERTIONS = NO;
				ENABLE_STRICT_OBJC_MSGSEND = YES;
				ENABLE_USER_SCRIPT_SANDBOXING = YES;
				GCC_C_LANGUAGE_STANDARD = gnu17;
				GCC_NO_COMMON_BLOCKS = YES;
				GCC_WARN_64_TO_32_BIT_CONVERSION = YES;
				GCC_WARN_ABOUT_RETURN_TYPE = YES_ERROR;
				GCC_WARN_UNDECLARED_SELECTOR = YES;
				GCC_WARN_UNINITIALIZED_AUTOS = YES_AGGRESSIVE;
				GCC_WARN_UNUSED_FUNCTION = YES;
				GCC_WARN_UNUSED_VARIABLE = YES;
				IPHONEOS_DEPLOYMENT_TARGET = 17.5;
				LOCALIZATION_PREFERS_STRING_CATALOGS = YES;
				MTL_ENABLE_DEBUG_INFO = NO;
				MTL_FAST_MATH = YES;
				SDKROOT = iphoneos;
				SWIFT_COMPILATION_MODE = wholemodule;
				VALIDATE_PRODUCT = YES;
			};
			name = Release;
		};
		D397DEAC2CB9CB1E00B5509C /* Debug */ = {
			isa = XCBuildConfiguration;
			buildSettings = {
				ASSETCATALOG_COMPILER_APPICON_NAME = AppIcon;
				ASSETCATALOG_COMPILER_GLOBAL_ACCENT_COLOR_NAME = AccentColor;
				CODE_SIGN_STYLE = Automatic;
				CURRENT_PROJECT_VERSION = 1;
				GENERATE_INFOPLIST_FILE = YES;
				INFOPLIST_FILE = ChatBox/Info.plist;
				INFOPLIST_KEY_UIApplicationSupportsIndirectInputEvents = YES;
				INFOPLIST_KEY_UILaunchStoryboardName = LaunchScreen;
				INFOPLIST_KEY_UIMainStoryboardFile = Main;
				INFOPLIST_KEY_UISupportedInterfaceOrientations_iPad = "UIInterfaceOrientationPortrait UIInterfaceOrientationPortraitUpsideDown UIInterfaceOrientationLandscapeLeft UIInterfaceOrientationLandscapeRight";
				INFOPLIST_KEY_UISupportedInterfaceOrientations_iPhone = "UIInterfaceOrientationPortrait UIInterfaceOrientationLandscapeLeft UIInterfaceOrientationLandscapeRight";
				LD_RUNPATH_SEARCH_PATHS = (
					"$(inherited)",
					"@executable_path/Frameworks",
				);
				MARKETING_VERSION = 1.0;
				PRODUCT_BUNDLE_IDENTIFIER = iti.ChatBox;
				PRODUCT_NAME = "$(TARGET_NAME)";
				SWIFT_EMIT_LOC_STRINGS = YES;
				SWIFT_VERSION = 5.0;
				TARGETED_DEVICE_FAMILY = "1,2";
			};
			name = Debug;
		};
		D397DEAD2CB9CB1E00B5509C /* Release */ = {
			isa = XCBuildConfiguration;
			buildSettings = {
				ASSETCATALOG_COMPILER_APPICON_NAME = AppIcon;
				ASSETCATALOG_COMPILER_GLOBAL_ACCENT_COLOR_NAME = AccentColor;
				CODE_SIGN_STYLE = Automatic;
				CURRENT_PROJECT_VERSION = 1;
				GENERATE_INFOPLIST_FILE = YES;
				INFOPLIST_FILE = ChatBox/Info.plist;
				INFOPLIST_KEY_UIApplicationSupportsIndirectInputEvents = YES;
				INFOPLIST_KEY_UILaunchStoryboardName = LaunchScreen;
				INFOPLIST_KEY_UIMainStoryboardFile = Main;
				INFOPLIST_KEY_UISupportedInterfaceOrientations_iPad = "UIInterfaceOrientationPortrait UIInterfaceOrientationPortraitUpsideDown UIInterfaceOrientationLandscapeLeft UIInterfaceOrientationLandscapeRight";
				INFOPLIST_KEY_UISupportedInterfaceOrientations_iPhone = "UIInterfaceOrientationPortrait UIInterfaceOrientationLandscapeLeft UIInterfaceOrientationLandscapeRight";
				LD_RUNPATH_SEARCH_PATHS = (
					"$(inherited)",
					"@executable_path/Frameworks",
				);
				MARKETING_VERSION = 1.0;
				PRODUCT_BUNDLE_IDENTIFIER = iti.ChatBox;
				PRODUCT_NAME = "$(TARGET_NAME)";
				SWIFT_EMIT_LOC_STRINGS = YES;
				SWIFT_VERSION = 5.0;
				TARGETED_DEVICE_FAMILY = "1,2";
			};
			name = Release;
		};
		D397DEAF2CB9CB1E00B5509C /* Debug */ = {
			isa = XCBuildConfiguration;
			buildSettings = {
				ALWAYS_EMBED_SWIFT_STANDARD_LIBRARIES = YES;
				BUNDLE_LOADER = "$(TEST_HOST)";
				CODE_SIGN_STYLE = Automatic;
				CURRENT_PROJECT_VERSION = 1;
				GENERATE_INFOPLIST_FILE = YES;
				IPHONEOS_DEPLOYMENT_TARGET = 17.5;
				MARKETING_VERSION = 1.0;
				PRODUCT_BUNDLE_IDENTIFIER = iti.ChatBoxTests;
				PRODUCT_NAME = "$(TARGET_NAME)";
				SWIFT_EMIT_LOC_STRINGS = NO;
				SWIFT_VERSION = 5.0;
				TARGETED_DEVICE_FAMILY = "1,2";
				TEST_HOST = "$(BUILT_PRODUCTS_DIR)/ChatBox.app/$(BUNDLE_EXECUTABLE_FOLDER_PATH)/ChatBox";
			};
			name = Debug;
		};
		D397DEB02CB9CB1E00B5509C /* Release */ = {
			isa = XCBuildConfiguration;
			buildSettings = {
				ALWAYS_EMBED_SWIFT_STANDARD_LIBRARIES = YES;
				BUNDLE_LOADER = "$(TEST_HOST)";
				CODE_SIGN_STYLE = Automatic;
				CURRENT_PROJECT_VERSION = 1;
				GENERATE_INFOPLIST_FILE = YES;
				IPHONEOS_DEPLOYMENT_TARGET = 17.5;
				MARKETING_VERSION = 1.0;
				PRODUCT_BUNDLE_IDENTIFIER = iti.ChatBoxTests;
				PRODUCT_NAME = "$(TARGET_NAME)";
				SWIFT_EMIT_LOC_STRINGS = NO;
				SWIFT_VERSION = 5.0;
				TARGETED_DEVICE_FAMILY = "1,2";
				TEST_HOST = "$(BUILT_PRODUCTS_DIR)/ChatBox.app/$(BUNDLE_EXECUTABLE_FOLDER_PATH)/ChatBox";
			};
			name = Release;
		};
		D397DEB22CB9CB1E00B5509C /* Debug */ = {
			isa = XCBuildConfiguration;
			buildSettings = {
				ALWAYS_EMBED_SWIFT_STANDARD_LIBRARIES = YES;
				CODE_SIGN_STYLE = Automatic;
				CURRENT_PROJECT_VERSION = 1;
				GENERATE_INFOPLIST_FILE = YES;
				MARKETING_VERSION = 1.0;
				PRODUCT_BUNDLE_IDENTIFIER = iti.ChatBoxUITests;
				PRODUCT_NAME = "$(TARGET_NAME)";
				SWIFT_EMIT_LOC_STRINGS = NO;
				SWIFT_VERSION = 5.0;
				TARGETED_DEVICE_FAMILY = "1,2";
				TEST_TARGET_NAME = ChatBox;
			};
			name = Debug;
		};
		D397DEB32CB9CB1E00B5509C /* Release */ = {
			isa = XCBuildConfiguration;
			buildSettings = {
				ALWAYS_EMBED_SWIFT_STANDARD_LIBRARIES = YES;
				CODE_SIGN_STYLE = Automatic;
				CURRENT_PROJECT_VERSION = 1;
				GENERATE_INFOPLIST_FILE = YES;
				MARKETING_VERSION = 1.0;
				PRODUCT_BUNDLE_IDENTIFIER = iti.ChatBoxUITests;
				PRODUCT_NAME = "$(TARGET_NAME)";
				SWIFT_EMIT_LOC_STRINGS = NO;
				SWIFT_VERSION = 5.0;
				TARGETED_DEVICE_FAMILY = "1,2";
				TEST_TARGET_NAME = ChatBox;
			};
			name = Release;
		};
/* End XCBuildConfiguration section */

/* Begin XCConfigurationList section */
		D397DE792CB9CB1B00B5509C /* Build configuration list for PBXProject "ChatBox" */ = {
			isa = XCConfigurationList;
			buildConfigurations = (
				D397DEA92CB9CB1E00B5509C /* Debug */,
				D397DEAA2CB9CB1E00B5509C /* Release */,
			);
			defaultConfigurationIsVisible = 0;
			defaultConfigurationName = Release;
		};
		D397DEAB2CB9CB1E00B5509C /* Build configuration list for PBXNativeTarget "ChatBox" */ = {
			isa = XCConfigurationList;
			buildConfigurations = (
				D397DEAC2CB9CB1E00B5509C /* Debug */,
				D397DEAD2CB9CB1E00B5509C /* Release */,
			);
			defaultConfigurationIsVisible = 0;
			defaultConfigurationName = Release;
		};
		D397DEAE2CB9CB1E00B5509C /* Build configuration list for PBXNativeTarget "ChatBoxTests" */ = {
			isa = XCConfigurationList;
			buildConfigurations = (
				D397DEAF2CB9CB1E00B5509C /* Debug */,
				D397DEB02CB9CB1E00B5509C /* Release */,
			);
			defaultConfigurationIsVisible = 0;
			defaultConfigurationName = Release;
		};
		D397DEB12CB9CB1E00B5509C /* Build configuration list for PBXNativeTarget "ChatBoxUITests" */ = {
			isa = XCConfigurationList;
			buildConfigurations = (
				D397DEB22CB9CB1E00B5509C /* Debug */,
				D397DEB32CB9CB1E00B5509C /* Release */,
			);
			defaultConfigurationIsVisible = 0;
			defaultConfigurationName = Release;
		};
/* End XCConfigurationList section */

/* Begin XCVersionGroup section */
		D397DE8A2CB9CB1B00B5509C /* ChatBox.xcdatamodeld */ = {
			isa = XCVersionGroup;
			children = (
				D397DE8B2CB9CB1B00B5509C /* ChatBox.xcdatamodel */,
			);
			currentVersion = D397DE8B2CB9CB1B00B5509C /* ChatBox.xcdatamodel */;
			path = ChatBox.xcdatamodeld;
			sourceTree = "<group>";
			versionGroupType = wrapper.xcdatamodel;
		};
/* End XCVersionGroup section */
	};
	rootObject = D397DE762CB9CB1B00B5509C /* Project object */;
}
